
Microsoft Visual Studio Solution File, Format Version 12.00
# Visual Studio Version 17
VisualStudioVersion = 17.6.33829.357
MinimumVisualStudioVersion = 10.0.40219.1
Project("{FAE04EC0-301F-11D3-BF4B-00C04F79EFBC}") = "Library.KISS", "Library.KISS\Library.KISS.csproj", "{54BDC836-A876-4903-9B67-F79874733498}"
EndProject
Global
	GlobalSection(SolutionConfigurationPlatforms) = preSolution
		Debug|Any CPU = Debug|Any CPU
		Release|Any CPU = Release|Any CPU
	EndGlobalSection
	GlobalSection(ProjectConfigurationPlatforms) = postSolution
		{54BDC836-A876-4903-9B67-F79874733498}.Debug|Any CPU.ActiveCfg = Debug|Any CPU
		{54BDC836-A876-4903-9B67-F79874733498}.Debug|Any CPU.Build.0 = Debug|Any CPU
		{54BDC836-A876-4903-9B67-F79874733498}.Release|Any CPU.ActiveCfg = Release|Any CPU
		{54BDC836-A876-4903-9B67-F79874733498}.Release|Any CPU.Build.0 = Release|Any CPU
	EndGlobalSection
	GlobalSection(SolutionProperties) = preSolution
		HideSolutionNode = FALSE
	EndGlobalSection
	GlobalSection(ExtensibilityGlobals) = postSolution
		SolutionGuid = {91D36D89-D752-4123-9A17-8184CD6F4971}
	EndGlobalSection
EndGlobal
